
Microsoft Visual Studio Solution File, Format Version 12.00
# Visual Studio Version 16
VisualStudioVersion = 16.0.29613.14
MinimumVisualStudioVersion = 10.0.40219.1
Project("{FAE04EC0-301F-11D3-BF4B-00C04F79EFBC}") = "ResaloliPT.AddinManager.Swagger", "src\ResaloliPT.AddinManager.Swagger\ResaloliPT.AddinManager.Swagger.csproj", "{4AF14E11-72FE-49A9-A4CB-8B7B3138A0E2}"
EndProject
Global
	GlobalSection(SolutionConfigurationPlatforms) = preSolution
		Debug|Any CPU = Debug|Any CPU
		Release|Any CPU = Release|Any CPU
	EndGlobalSection
	GlobalSection(ProjectConfigurationPlatforms) = postSolution
		{4AF14E11-72FE-49A9-A4CB-8B7B3138A0E2}.Debug|Any CPU.ActiveCfg = Debug|Any CPU
		{4AF14E11-72FE-49A9-A4CB-8B7B3138A0E2}.Debug|Any CPU.Build.0 = Debug|Any CPU
		{4AF14E11-72FE-49A9-A4CB-8B7B3138A0E2}.Release|Any CPU.ActiveCfg = Release|Any CPU
		{4AF14E11-72FE-49A9-A4CB-8B7B3138A0E2}.Release|Any CPU.Build.0 = Release|Any CPU
	EndGlobalSection
	GlobalSection(SolutionProperties) = preSolution
		HideSolutionNode = FALSE
	EndGlobalSection
	GlobalSection(ExtensibilityGlobals) = postSolution
		SolutionGuid = {E740A967-E0FB-4623-8830-F04C49168644}
	EndGlobalSection
EndGlobal
